
Microsoft Visual Studio Solution File, Format Version 12.00
# Visual Studio 15
VisualStudioVersion = 15.0.28307.645
MinimumVisualStudioVersion = 10.0.40219.1
Project("{FAE04EC0-301F-11D3-BF4B-00C04F79EFBC}") = "mbcPhone", "mbcPhone\mbcPhone.csproj", "{7D1CFA51-D8BE-4CDB-B440-E26F35EE9A25}"
EndProject
Project("{FAE04EC0-301F-11D3-BF4B-00C04F79EFBC}") = "apiPhone", "apiPhone\apiPhone.csproj", "{3549894B-36C4-43C8-A155-8856ADF3A6F5}"
EndProject
Project("{FAE04EC0-301F-11D3-BF4B-00C04F79EFBC}") = "AppPhone.Android", "AppPhone\AppPhone.Android\AppPhone.Android.csproj", "{219E9A8B-A9B9-4135-9E99-14B54F8E2325}"
EndProject
Project("{FAE04EC0-301F-11D3-BF4B-00C04F79EFBC}") = "AppPhone.iOS", "AppPhone\AppPhone.iOS\AppPhone.iOS.csproj", "{67EE4071-14A5-4658-A74E-65BC23AF2D78}"
EndProject
Project("{FAE04EC0-301F-11D3-BF4B-00C04F79EFBC}") = "AppPhone", "AppPhone\AppPhone\AppPhone.csproj", "{8BC2A7C9-65EF-4902-A2BB-40D7C889812E}"
EndProject
Global
	GlobalSection(SolutionConfigurationPlatforms) = preSolution
		Ad-Hoc|Any CPU = Ad-Hoc|Any CPU
		Ad-Hoc|iPhone = Ad-Hoc|iPhone
		Ad-Hoc|iPhoneSimulator = Ad-Hoc|iPhoneSimulator
		AppStore|Any CPU = AppStore|Any CPU
		AppStore|iPhone = AppStore|iPhone
		AppStore|iPhoneSimulator = AppStore|iPhoneSimulator
		Debug|Any CPU = Debug|Any CPU
		Debug|iPhone = Debug|iPhone
		Debug|iPhoneSimulator = Debug|iPhoneSimulator
		Release|Any CPU = Release|Any CPU
		Release|iPhone = Release|iPhone
		Release|iPhoneSimulator = Release|iPhoneSimulator
	EndGlobalSection
	GlobalSection(ProjectConfigurationPlatforms) = postSolution
		{7D1CFA51-D8BE-4CDB-B440-E26F35EE9A25}.Ad-Hoc|Any CPU.ActiveCfg = Release|Any CPU
		{7D1CFA51-D8BE-4CDB-B440-E26F35EE9A25}.Ad-Hoc|Any CPU.Build.0 = Release|Any CPU
		{7D1CFA51-D8BE-4CDB-B440-E26F35EE9A25}.Ad-Hoc|iPhone.ActiveCfg = Release|Any CPU
		{7D1CFA51-D8BE-4CDB-B440-E26F35EE9A25}.Ad-Hoc|iPhone.Build.0 = Release|Any CPU
		{7D1CFA51-D8BE-4CDB-B440-E26F35EE9A25}.Ad-Hoc|iPhoneSimulator.ActiveCfg = Release|Any CPU
		{7D1CFA51-D8BE-4CDB-B440-E26F35EE9A25}.Ad-Hoc|iPhoneSimulator.Build.0 = Release|Any CPU
		{7D1CFA51-D8BE-4CDB-B440-E26F35EE9A25}.AppStore|Any CPU.ActiveCfg = Release|Any CPU
		{7D1CFA51-D8BE-4CDB-B440-E26F35EE9A25}.AppStore|Any CPU.Build.0 = Release|Any CPU
		{7D1CFA51-D8BE-4CDB-B440-E26F35EE9A25}.AppStore|iPhone.ActiveCfg = Release|Any CPU
		{7D1CFA51-D8BE-4CDB-B440-E26F35EE9A25}.AppStore|iPhone.Build.0 = Release|Any CPU
		{7D1CFA51-D8BE-4CDB-B440-E26F35EE9A25}.AppStore|iPhoneSimulator.ActiveCfg = Release|Any CPU
		{7D1CFA51-D8BE-4CDB-B440-E26F35EE9A25}.AppStore|iPhoneSimulator.Build.0 = Release|Any CPU
		{7D1CFA51-D8BE-4CDB-B440-E26F35EE9A25}.Debug|Any CPU.ActiveCfg = Debug|Any CPU
		{7D1CFA51-D8BE-4CDB-B440-E26F35EE9A25}.Debug|Any CPU.Build.0 = Debug|Any CPU
		{7D1CFA51-D8BE-4CDB-B440-E26F35EE9A25}.Debug|iPhone.ActiveCfg = Debug|Any CPU
		{7D1CFA51-D8BE-4CDB-B440-E26F35EE9A25}.Debug|iPhone.Build.0 = Debug|Any CPU
		{7D1CFA51-D8BE-4CDB-B440-E26F35EE9A25}.Debug|iPhoneSimulator.ActiveCfg = Debug|Any CPU
		{7D1CFA51-D8BE-4CDB-B440-E26F35EE9A25}.Debug|iPhoneSimulator.Build.0 = Debug|Any CPU
		{7D1CFA51-D8BE-4CDB-B440-E26F35EE9A25}.Release|Any CPU.ActiveCfg = Release|Any CPU
		{7D1CFA51-D8BE-4CDB-B440-E26F35EE9A25}.Release|Any CPU.Build.0 = Release|Any CPU
		{7D1CFA51-D8BE-4CDB-B440-E26F35EE9A25}.Release|iPhone.ActiveCfg = Release|Any CPU
		{7D1CFA51-D8BE-4CDB-B440-E26F35EE9A25}.Release|iPhone.Build.0 = Release|Any CPU
		{7D1CFA51-D8BE-4CDB-B440-E26F35EE9A25}.Release|iPhoneSimulator.ActiveCfg = Release|Any CPU
		{7D1CFA51-D8BE-4CDB-B440-E26F35EE9A25}.Release|iPhoneSimulator.Build.0 = Release|Any CPU
		{3549894B-36C4-43C8-A155-8856ADF3A6F5}.Ad-Hoc|Any CPU.ActiveCfg = Release|Any CPU
		{3549894B-36C4-43C8-A155-8856ADF3A6F5}.Ad-Hoc|Any CPU.Build.0 = Release|Any CPU
		{3549894B-36C4-43C8-A155-8856ADF3A6F5}.Ad-Hoc|iPhone.ActiveCfg = Release|Any CPU
		{3549894B-36C4-43C8-A155-8856ADF3A6F5}.Ad-Hoc|iPhone.Build.0 = Release|Any CPU
		{3549894B-36C4-43C8-A155-8856ADF3A6F5}.Ad-Hoc|iPhoneSimulator.ActiveCfg = Release|Any CPU
		{3549894B-36C4-43C8-A155-8856ADF3A6F5}.Ad-Hoc|iPhoneSimulator.Build.0 = Release|Any CPU
		{3549894B-36C4-43C8-A155-8856ADF3A6F5}.AppStore|Any CPU.ActiveCfg = Release|Any CPU
		{3549894B-36C4-43C8-A155-8856ADF3A6F5}.AppStore|Any CPU.Build.0 = Release|Any CPU
		{3549894B-36C4-43C8-A155-8856ADF3A6F5}.AppStore|iPhone.ActiveCfg = Release|Any CPU
		{3549894B-36C4-43C8-A155-8856ADF3A6F5}.AppStore|iPhone.Build.0 = Release|Any CPU
		{3549894B-36C4-43C8-A155-8856ADF3A6F5}.AppStore|iPhoneSimulator.ActiveCfg = Release|Any CPU
		{3549894B-36C4-43C8-A155-8856ADF3A6F5}.AppStore|iPhoneSimulator.Build.0 = Release|Any CPU
		{3549894B-36C4-43C8-A155-8856ADF3A6F5}.Debug|Any CPU.ActiveCfg = Debug|Any CPU
		{3549894B-36C4-43C8-A155-8856ADF3A6F5}.Debug|Any CPU.Build.0 = Debug|Any CPU
		{3549894B-36C4-43C8-A155-8856ADF3A6F5}.Debug|iPhone.ActiveCfg = Debug|Any CPU
		{3549894B-36C4-43C8-A155-8856ADF3A6F5}.Debug|iPhone.Build.0 = Debug|Any CPU
		{3549894B-36C4-43C8-A155-8856ADF3A6F5}.Debug|iPhoneSimulator.ActiveCfg = Debug|Any CPU
		{3549894B-36C4-43C8-A155-8856ADF3A6F5}.Debug|iPhoneSimulator.Build.0 = Debug|Any CPU
		{3549894B-36C4-43C8-A155-8856ADF3A6F5}.Release|Any CPU.ActiveCfg = Release|Any CPU
		{3549894B-36C4-43C8-A155-8856ADF3A6F5}.Release|Any CPU.Build.0 = Release|Any CPU
		{3549894B-36C4-43C8-A155-8856ADF3A6F5}.Release|iPhone.ActiveCfg = Release|Any CPU
		{3549894B-36C4-43C8-A155-8856ADF3A6F5}.Release|iPhone.Build.0 = Release|Any CPU
		{3549894B-36C4-43C8-A155-8856ADF3A6F5}.Release|iPhoneSimulator.ActiveCfg = Release|Any CPU
		{3549894B-36C4-43C8-A155-8856ADF3A6F5}.Release|iPhoneSimulator.Build.0 = Release|Any CPU
		{219E9A8B-A9B9-4135-9E99-14B54F8E2325}.Ad-Hoc|Any CPU.ActiveCfg = Release|Any CPU
		{219E9A8B-A9B9-4135-9E99-14B54F8E2325}.Ad-Hoc|Any CPU.Build.0 = Release|Any CPU
		{219E9A8B-A9B9-4135-9E99-14B54F8E2325}.Ad-Hoc|Any CPU.Deploy.0 = Release|Any CPU
		{219E9A8B-A9B9-4135-9E99-14B54F8E2325}.Ad-Hoc|iPhone.ActiveCfg = Release|Any CPU
		{219E9A8B-A9B9-4135-9E99-14B54F8E2325}.Ad-Hoc|iPhone.Build.0 = Release|Any CPU
		{219E9A8B-A9B9-4135-9E99-14B54F8E2325}.Ad-Hoc|iPhone.Deploy.0 = Release|Any CPU
		{219E9A8B-A9B9-4135-9E99-14B54F8E2325}.Ad-Hoc|iPhoneSimulator.ActiveCfg = Release|Any CPU
		{219E9A8B-A9B9-4135-9E99-14B54F8E2325}.Ad-Hoc|iPhoneSimulator.Build.0 = Release|Any CPU
		{219E9A8B-A9B9-4135-9E99-14B54F8E2325}.Ad-Hoc|iPhoneSimulator.Deploy.0 = Release|Any CPU
		{219E9A8B-A9B9-4135-9E99-14B54F8E2325}.AppStore|Any CPU.ActiveCfg = Release|Any CPU
		{219E9A8B-A9B9-4135-9E99-14B54F8E2325}.AppStore|Any CPU.Build.0 = Release|Any CPU
		{219E9A8B-A9B9-4135-9E99-14B54F8E2325}.AppStore|Any CPU.Deploy.0 = Release|Any CPU
		{219E9A8B-A9B9-4135-9E99-14B54F8E2325}.AppStore|iPhone.ActiveCfg = Release|Any CPU
		{219E9A8B-A9B9-4135-9E99-14B54F8E2325}.AppStore|iPhone.Build.0 = Release|Any CPU
		{219E9A8B-A9B9-4135-9E99-14B54F8E2325}.AppStore|iPhone.Deploy.0 = Release|Any CPU
		{219E9A8B-A9B9-4135-9E99-14B54F8E2325}.AppStore|iPhoneSimulator.ActiveCfg = Release|Any CPU
		{219E9A8B-A9B9-4135-9E99-14B54F8E2325}.AppStore|iPhoneSimulator.Build.0 = Release|Any CPU
		{219E9A8B-A9B9-4135-9E99-14B54F8E2325}.AppStore|iPhoneSimulator.Deploy.0 = Release|Any CPU
		{219E9A8B-A9B9-4135-9E99-14B54F8E2325}.Debug|Any CPU.ActiveCfg = Debug|Any CPU
		{219E9A8B-A9B9-4135-9E99-14B54F8E2325}.Debug|Any CPU.Build.0 = Debug|Any CPU
		{219E9A8B-A9B9-4135-9E99-14B54F8E2325}.Debug|Any CPU.Deploy.0 = Debug|Any CPU
		{219E9A8B-A9B9-4135-9E99-14B54F8E2325}.Debug|iPhone.ActiveCfg = Debug|Any CPU
		{219E9A8B-A9B9-4135-9E99-14B54F8E2325}.Debug|iPhone.Build.0 = Debug|Any CPU
		{219E9A8B-A9B9-4135-9E99-14B54F8E2325}.Debug|iPhone.Deploy.0 = Debug|Any CPU
		{219E9A8B-A9B9-4135-9E99-14B54F8E2325}.Debug|iPhoneSimulator.ActiveCfg = Debug|Any CPU
		{219E9A8B-A9B9-4135-9E99-14B54F8E2325}.Debug|iPhoneSimulator.Build.0 = Debug|Any CPU
		{219E9A8B-A9B9-4135-9E99-14B54F8E2325}.Debug|iPhoneSimulator.Deploy.0 = Debug|Any CPU
		{219E9A8B-A9B9-4135-9E99-14B54F8E2325}.Release|Any CPU.ActiveCfg = Release|Any CPU
		{219E9A8B-A9B9-4135-9E99-14B54F8E2325}.Release|Any CPU.Build.0 = Release|Any CPU
		{219E9A8B-A9B9-4135-9E99-14B54F8E2325}.Release|Any CPU.Deploy.0 = Release|Any CPU
		{219E9A8B-A9B9-4135-9E99-14B54F8E2325}.Release|iPhone.ActiveCfg = Release|Any CPU
		{219E9A8B-A9B9-4135-9E99-14B54F8E2325}.Release|iPhone.Build.0 = Release|Any CPU
		{219E9A8B-A9B9-4135-9E99-14B54F8E2325}.Release|iPhone.Deploy.0 = Release|Any CPU
		{219E9A8B-A9B9-4135-9E99-14B54F8E2325}.Release|iPhoneSimulator.ActiveCfg = Release|Any CPU
		{219E9A8B-A9B9-4135-9E99-14B54F8E2325}.Release|iPhoneSimulator.Build.0 = Release|Any CPU
		{219E9A8B-A9B9-4135-9E99-14B54F8E2325}.Release|iPhoneSimulator.Deploy.0 = Release|Any CPU
		{67EE4071-14A5-4658-A74E-65BC23AF2D78}.Ad-Hoc|Any CPU.ActiveCfg = Ad-Hoc|iPhone
		{67EE4071-14A5-4658-A74E-65BC23AF2D78}.Ad-Hoc|iPhone.ActiveCfg = Ad-Hoc|iPhone
		{67EE4071-14A5-4658-A74E-65BC23AF2D78}.Ad-Hoc|iPhone.Build.0 = Ad-Hoc|iPhone
		{67EE4071-14A5-4658-A74E-65BC23AF2D78}.Ad-Hoc|iPhoneSimulator.ActiveCfg = Ad-Hoc|iPhoneSimulator
		{67EE4071-14A5-4658-A74E-65BC23AF2D78}.Ad-Hoc|iPhoneSimulator.Build.0 = Ad-Hoc|iPhoneSimulator
		{67EE4071-14A5-4658-A74E-65BC23AF2D78}.AppStore|Any CPU.ActiveCfg = AppStore|iPhone
		{67EE4071-14A5-4658-A74E-65BC23AF2D78}.AppStore|iPhone.ActiveCfg = AppStore|iPhone
		{67EE4071-14A5-4658-A74E-65BC23AF2D78}.AppStore|iPhone.Build.0 = AppStore|iPhone
		{67EE4071-14A5-4658-A74E-65BC23AF2D78}.AppStore|iPhoneSimulator.ActiveCfg = AppStore|iPhoneSimulator
		{67EE4071-14A5-4658-A74E-65BC23AF2D78}.AppStore|iPhoneSimulator.Build.0 = AppStore|iPhoneSimulator
		{67EE4071-14A5-4658-A74E-65BC23AF2D78}.Debug|Any CPU.ActiveCfg = Debug|iPhone
		{67EE4071-14A5-4658-A74E-65BC23AF2D78}.Debug|iPhone.ActiveCfg = Debug|iPhone
		{67EE4071-14A5-4658-A74E-65BC23AF2D78}.Debug|iPhone.Build.0 = Debug|iPhone
		{67EE4071-14A5-4658-A74E-65BC23AF2D78}.Debug|iPhoneSimulator.ActiveCfg = Debug|iPhoneSimulator
		{67EE4071-14A5-4658-A74E-65BC23AF2D78}.Debug|iPhoneSimulator.Build.0 = Debug|iPhoneSimulator
		{67EE4071-14A5-4658-A74E-65BC23AF2D78}.Release|Any CPU.ActiveCfg = Release|iPhone
		{67EE4071-14A5-4658-A74E-65BC23AF2D78}.Release|iPhone.ActiveCfg = Release|iPhone
		{67EE4071-14A5-4658-A74E-65BC23AF2D78}.Release|iPhone.Build.0 = Release|iPhone
		{67EE4071-14A5-4658-A74E-65BC23AF2D78}.Release|iPhoneSimulator.ActiveCfg = Release|iPhoneSimulator
		{67EE4071-14A5-4658-A74E-65BC23AF2D78}.Release|iPhoneSimulator.Build.0 = Release|iPhoneSimulator
		{8BC2A7C9-65EF-4902-A2BB-40D7C889812E}.Ad-Hoc|Any CPU.ActiveCfg = Debug|Any CPU
		{8BC2A7C9-65EF-4902-A2BB-40D7C889812E}.Ad-Hoc|Any CPU.Build.0 = Debug|Any CPU
		{8BC2A7C9-65EF-4902-A2BB-40D7C889812E}.Ad-Hoc|iPhone.ActiveCfg = Debug|Any CPU
		{8BC2A7C9-65EF-4902-A2BB-40D7C889812E}.Ad-Hoc|iPhone.Build.0 = Debug|Any CPU
		{8BC2A7C9-65EF-4902-A2BB-40D7C889812E}.Ad-Hoc|iPhoneSimulator.ActiveCfg = Debug|Any CPU
		{8BC2A7C9-65EF-4902-A2BB-40D7C889812E}.Ad-Hoc|iPhoneSimulator.Build.0 = Debug|Any CPU
		{8BC2A7C9-65EF-4902-A2BB-40D7C889812E}.AppStore|Any CPU.ActiveCfg = Debug|Any CPU
		{8BC2A7C9-65EF-4902-A2BB-40D7C889812E}.AppStore|Any CPU.Build.0 = Debug|Any CPU
		{8BC2A7C9-65EF-4902-A2BB-40D7C889812E}.AppStore|iPhone.ActiveCfg = Debug|Any CPU
		{8BC2A7C9-65EF-4902-A2BB-40D7C889812E}.AppStore|iPhone.Build.0 = Debug|Any CPU
		{8BC2A7C9-65EF-4902-A2BB-40D7C889812E}.AppStore|iPhoneSimulator.ActiveCfg = Debug|Any CPU
		{8BC2A7C9-65EF-4902-A2BB-40D7C889812E}.AppStore|iPhoneSimulator.Build.0 = Debug|Any CPU
		{8BC2A7C9-65EF-4902-A2BB-40D7C889812E}.Debug|Any CPU.ActiveCfg = Debug|Any CPU
		{8BC2A7C9-65EF-4902-A2BB-40D7C889812E}.Debug|Any CPU.Build.0 = Debug|Any CPU
		{8BC2A7C9-65EF-4902-A2BB-40D7C889812E}.Debug|iPhone.ActiveCfg = Debug|Any CPU
		{8BC2A7C9-65EF-4902-A2BB-40D7C889812E}.Debug|iPhone.Build.0 = Debug|Any CPU
		{8BC2A7C9-65EF-4902-A2BB-40D7C889812E}.Debug|iPhoneSimulator.ActiveCfg = Debug|Any CPU
		{8BC2A7C9-65EF-4902-A2BB-40D7C889812E}.Debug|iPhoneSimulator.Build.0 = Debug|Any CPU
		{8BC2A7C9-65EF-4902-A2BB-40D7C889812E}.Release|Any CPU.ActiveCfg = Release|Any CPU
		{8BC2A7C9-65EF-4902-A2BB-40D7C889812E}.Release|Any CPU.Build.0 = Release|Any CPU
		{8BC2A7C9-65EF-4902-A2BB-40D7C889812E}.Release|iPhone.ActiveCfg = Release|Any CPU
		{8BC2A7C9-65EF-4902-A2BB-40D7C889812E}.Release|iPhone.Build.0 = Release|Any CPU
		{8BC2A7C9-65EF-4902-A2BB-40D7C889812E}.Release|iPhoneSimulator.ActiveCfg = Release|Any CPU
		{8BC2A7C9-65EF-4902-A2BB-40D7C889812E}.Release|iPhoneSimulator.Build.0 = Release|Any CPU
	EndGlobalSection
	GlobalSection(SolutionProperties) = preSolution
		HideSolutionNode = FALSE
	EndGlobalSection
	GlobalSection(ExtensibilityGlobals) = postSolution
		SolutionGuid = {6B844BC3-0B78-43E2-B5C4-D65A8B070EFF}
	EndGlobalSection
EndGlobal
